# THIS IS AN AUTOGENERATED FILE. DO NOT EDIT THIS FILE DIRECTLY.
# yarn lockfile v1


nodemailer@^6.9.12:
  version "6.9.12"
  resolved "https://registry.yarnpkg.com/nodemailer/-/nodemailer-6.9.12.tgz#48560eaf3575f8b0215eb38a45ca9025ffad2314"
  integrity sha512-pnLo7g37Br3jXbF0bl5DekBJihm2q+3bB3l2o/B060sWmb5l+VqeScAQCBqaQ+5ezRZFzW5SciZNGdRDEbq89w==
